lockfileVersion: '9.0'

settings:
  autoInstallPeers: true
  excludeLinksFromLockfile: false

importers:

  .:
    dependencies:
      '@fastify/swagger':
        specifier: ^9.5.1
        version: 9.5.1
      '@scalar/fastify-api-reference':
        specifier: ^1.35.7
        version: 1.35.7
    devDependencies:
      '@biomejs/biome':
        specifier: ^2.2.4
        version: 2.2.4

packages:

  '@babel/helper-string-parser@7.27.1':
    resolution: {integrity: sha512-qMlSxKbpRlAridDExk92nSobyDdpPijUq2DW6oDnUqd0iOGxmQjyqhMIihI9+zv4LPyZdRje2cavWPbCbWm3eA==}
    engines: {node: '>=6.9.0'}

  '@babel/helper-validator-identifier@7.27.1':
    resolution: {integrity: sha512-D2hP9eA+Sqx1kBZgzxZh0y1trbuU+JoDkiEwqhQ36nodYqJwyEIhPSdMNd7lOm/4io72luTPWH20Yda0xOuUow==}
    engines: {node: '>=6.9.0'}

  '@babel/parser@7.28.4':
    resolution: {integrity: sha512-yZbBqeM6TkpP9du/I2pUZnJsRMGGvOuIrhjzC1AwHwW+6he4mni6Bp/m8ijn0iOuZuPI2BfkCoSRunpyjnrQKg==}
    engines: {node: '>=6.0.0'}
    hasBin: true

  '@babel/types@7.28.4':
    resolution: {integrity: sha512-bkFqkLhh3pMBUQQkpVgWDWq/lqzc2678eUyDlTBhRqhCHFguYYGM0Efga7tYk4TogG/3x0EEl66/OQ+WGbWB/Q==}
    engines: {node: '>=6.9.0'}

  '@biomejs/biome@2.2.4':
    resolution: {integrity: sha512-TBHU5bUy/Ok6m8c0y3pZiuO/BZoY/OcGxoLlrfQof5s8ISVwbVBdFINPQZyFfKwil8XibYWb7JMwnT8wT4WVPg==}
    engines: {node: '>=14.21.3'}
    hasBin: true

  '@biomejs/cli-darwin-arm64@2.2.4':
    resolution: {integrity: sha512-RJe2uiyaloN4hne4d2+qVj3d3gFJFbmrr5PYtkkjei1O9c+BjGXgpUPVbi8Pl8syumhzJjFsSIYkcLt2VlVLMA==}
    engines: {node: '>=14.21.3'}
    cpu: [arm64]
    os: [darwin]

  '@biomejs/cli-darwin-x64@2.2.4':
    resolution: {integrity: sha512-cFsdB4ePanVWfTnPVaUX+yr8qV8ifxjBKMkZwN7gKb20qXPxd/PmwqUH8mY5wnM9+U0QwM76CxFyBRJhC9tQwg==}
    engines: {node: '>=14.21.3'}
    cpu: [x64]
    os: [darwin]

  '@biomejs/cli-linux-arm64-musl@2.2.4':
    resolution: {integrity: sha512-7TNPkMQEWfjvJDaZRSkDCPT/2r5ESFPKx+TEev+I2BXDGIjfCZk2+b88FOhnJNHtksbOZv8ZWnxrA5gyTYhSsQ==}
    engines: {node: '>=14.21.3'}
    cpu: [arm64]
    os: [linux]

  '@biomejs/cli-linux-arm64@2.2.4':
    resolution: {integrity: sha512-M/Iz48p4NAzMXOuH+tsn5BvG/Jb07KOMTdSVwJpicmhN309BeEyRyQX+n1XDF0JVSlu28+hiTQ2L4rZPvu7nMw==}
    engines: {node: '>=14.21.3'}
    cpu: [arm64]
    os: [linux]

  '@biomejs/cli-linux-x64-musl@2.2.4':
    resolution: {integrity: sha512-m41nFDS0ksXK2gwXL6W6yZTYPMH0LughqbsxInSKetoH6morVj43szqKx79Iudkp8WRT5SxSh7qVb8KCUiewGg==}
    engines: {node: '>=14.21.3'}
    cpu: [x64]
    os: [linux]

  '@biomejs/cli-linux-x64@2.2.4':
    resolution: {integrity: sha512-orr3nnf2Dpb2ssl6aihQtvcKtLySLta4E2UcXdp7+RTa7mfJjBgIsbS0B9GC8gVu0hjOu021aU8b3/I1tn+pVQ==}
    engines: {node: '>=14.21.3'}
    cpu: [x64]
    os: [linux]

  '@biomejs/cli-win32-arm64@2.2.4':
    resolution: {integrity: sha512-NXnfTeKHDFUWfxAefa57DiGmu9VyKi0cDqFpdI+1hJWQjGJhJutHPX0b5m+eXvTKOaf+brU+P0JrQAZMb5yYaQ==}
    engines: {node: '>=14.21.3'}
    cpu: [arm64]
    os: [win32]

  '@biomejs/cli-win32-x64@2.2.4':
    resolution: {integrity: sha512-3Y4V4zVRarVh/B/eSHczR4LYoSVyv3Dfuvm3cWs5w/HScccS0+Wt/lHOcDTRYeHjQmMYVC3rIRWqyN2EI52+zg==}
    engines: {node: '>=14.21.3'}
    cpu: [x64]
    os: [win32]

  '@fastify/swagger@9.5.1':
    resolution: {integrity: sha512-EGjYLA7vDmCPK7XViAYMF6y4+K3XUy5soVTVxsyXolNe/Svb4nFQxvtuQvvoQb2Gzc9pxiF3+ZQN/iZDHhKtTg==}

  '@jridgewell/sourcemap-codec@1.5.5':
    resolution: {integrity: sha512-cYQ9310grqxueWbl+WuIUIaiUaDcj7WOq5fVhEljNVgRfOUhY9fy2zTvfoqWsnebh8Sl70VScFbICvJnLKB0Og==}

  '@scalar/core@0.3.17':
    resolution: {integrity: sha512-G6tP+2oorFA90szI8DGiEQ23SmobiuhN93GfTJNpFMhz/kdEtC4lcYawAxL1tWkZhlK/QYRcaCZcVzmpTUgBCA==}
    engines: {node: '>=20'}

  '@scalar/fastify-api-reference@1.35.7':
    resolution: {integrity: sha512-LURTGVeImy4AtvFBiwvu6jmJaZ9vFDoZa7+RFLF9Eop5ONg+6H4U8eWgzYjNG+4+3ab7liV3BTa83dNSdmVWmg==}
    engines: {node: '>=20'}

  '@scalar/helpers@0.0.11':
    resolution: {integrity: sha512-EoAufzG0crQloYJxbCV8F+Y5vPyeeh1HMngGlXPT6oGSJPi6DiNA9wztqK3lvaBmSkJMh4VKIbejVqAXx1a0tg==}
    engines: {node: '>=20'}

  '@scalar/json-magic@0.5.0':
    resolution: {integrity: sha512-JNxwGYl0w+gD9Ax9ISLMVvd6CXIEqJKmQWqUdTq5JyOAQ8Tq3DeiJFjfjKf83BxfFOWxJSBx8oXbED9Tushgwg==}
    engines: {node: '>=20'}

  '@scalar/openapi-parser@0.21.0':
    resolution: {integrity: sha512-YdQtSIQ+BBotBZgJeC9J/Vza6yWuJILKN4A3UXWSY2/IjGTijxk2PEF1wh92TKKBhZxoLXVfW6Q+T0uymclrkQ==}
    engines: {node: '>=20'}

  '@scalar/openapi-types@0.3.7':
    resolution: {integrity: sha512-QHSvHBVDze3+dUwAhIGq6l1iOev4jdoqdBK7QpfeN1Q4h+6qpVEw3EEqBiH0AXUSh/iWwObBv4uMgfIx0aNZ5g==}
    engines: {node: '>=20'}

  '@scalar/openapi-upgrader@0.1.0':
    resolution: {integrity: sha512-qUCUtONzjM0I7dheOYqsZXpO7Rb+jgeWwI/SIXhpxyqs+Cxpc9p/HBDSG1IFDxLDq7T5rXUITYzThMdQwWnV9w==}
    engines: {node: '>=20'}

  '@scalar/types@0.2.16':
    resolution: {integrity: sha512-XWff9jWfYaj6q3ww94x66S6Q58u/3kA1sDOUhLAwb9va7r58bzk3NRwLOkEEdJmyEns1MEJAM53mY8KRWX6elA==}
    engines: {node: '>=20'}

  '@vue/compiler-core@3.5.21':
    resolution: {integrity: sha512-8i+LZ0vf6ZgII5Z9XmUvrCyEzocvWT+TeR2VBUVlzIH6Tyv57E20mPZ1bCS+tbejgUgmjrEh7q/0F0bibskAmw==}

  '@vue/compiler-dom@3.5.21':
    resolution: {integrity: sha512-jNtbu/u97wiyEBJlJ9kmdw7tAr5Vy0Aj5CgQmo+6pxWNQhXZDPsRr1UWPN4v3Zf82s2H3kF51IbzZ4jMWAgPlQ==}

  '@vue/compiler-sfc@3.5.21':
    resolution: {integrity: sha512-SXlyk6I5eUGBd2v8Ie7tF6ADHE9kCR6mBEuPyH1nUZ0h6Xx6nZI29i12sJKQmzbDyr2tUHMhhTt51Z6blbkTTQ==}

  '@vue/compiler-ssr@3.5.21':
    resolution: {integrity: sha512-vKQ5olH5edFZdf5ZrlEgSO1j1DMA4u23TVK5XR1uMhvwnYvVdDF0nHXJUblL/GvzlShQbjhZZ2uvYmDlAbgo9w==}

  '@vue/reactivity@3.5.21':
    resolution: {integrity: sha512-3ah7sa+Cwr9iiYEERt9JfZKPw4A2UlbY8RbbnH2mGCE8NwHkhmlZt2VsH0oDA3P08X3jJd29ohBDtX+TbD9AsA==}

  '@vue/runtime-core@3.5.21':
    resolution: {integrity: sha512-+DplQlRS4MXfIf9gfD1BOJpk5RSyGgGXD/R+cumhe8jdjUcq/qlxDawQlSI8hCKupBlvM+3eS1se5xW+SuNAwA==}

  '@vue/runtime-dom@3.5.21':
    resolution: {integrity: sha512-3M2DZsOFwM5qI15wrMmNF5RJe1+ARijt2HM3TbzBbPSuBHOQpoidE+Pa+XEaVN+czbHf81ETRoG1ltztP2em8w==}

  '@vue/server-renderer@3.5.21':
    resolution: {integrity: sha512-qr8AqgD3DJPJcGvLcJKQo2tAc8OnXRcfxhOJCPF+fcfn5bBGz7VCcO7t+qETOPxpWK1mgysXvVT/j+xWaHeMWA==}
    peerDependencies:
      vue: 3.5.21

  '@vue/shared@3.5.21':
    resolution: {integrity: sha512-+2k1EQpnYuVuu3N7atWyG3/xoFWIVJZq4Mz8XNOdScFI0etES75fbny/oU4lKWk/577P1zmg0ioYvpGEDZ3DLw==}

  ajv-draft-04@1.0.0:
    resolution: {integrity: sha512-mv00Te6nmYbRp5DCwclxtt7yV/joXJPGS7nM+97GdxvuttCOfgI3K4U25zboyeX0O+myI8ERluxQe5wljMmVIw==}
    peerDependencies:
      ajv: ^8.5.0
    peerDependenciesMeta:
      ajv:
        optional: true

  ajv-formats@3.0.1:
    resolution: {integrity: sha512-8iUql50EUR+uUcdRQ3HDqa6EVyo3docL8g5WJ3FNcWmu62IbkGUue/pEyLBW8VGKKucTPgqeks4fIU1DA4yowQ==}
    peerDependencies:
      ajv: ^8.0.0
    peerDependenciesMeta:
      ajv:
        optional: true

  ajv@8.17.1:
    resolution: {integrity: sha512-B/gBuNg5SiMTrPkC+A2+cW0RszwxYmn6VYxB/inlBStS5nx6xHIt/ehKRhIMhqusl7a8LjQoZnjCs5vhwxOQ1g==}

  csstype@3.1.3:
    resolution: {integrity: sha512-M1uQkMl8rQK/szD0LNhtqxIPLpimGm8sOBwU7lLnCpSbTyY3yeU1Vc7l4KT5zT4s/yOxHH5O7tIuuLOCnLADRw==}

  debug@4.4.3:
    resolution: {integrity: sha512-RGwwWnwQvkVfavKVt22FGLw+xYSdzARwm0ru6DhTVA3umU5hZc28V3kO4stgYryrTlLpuvgI9GiijltAjNbcqA==}
    engines: {node: '>=6.0'}
    peerDependencies:
      supports-color: '*'
    peerDependenciesMeta:
      supports-color:
        optional: true

  entities@4.5.0:
    resolution: {integrity: sha512-V0hjH4dGPh9Ao5p0MoRY6BVqtwCjhz6vI5LT8AJ55H+4g9/4vbHx1I54fS0XuclLhDHArPQCiMjDxjaL8fPxhw==}
    engines: {node: '>=0.12'}

  estree-walker@2.0.2:
    resolution: {integrity: sha512-Rfkk/Mp/DL7JVje3u18FxFujQlTNR2q6QfMSMB7AvCBx91NGj/ba3kCfza0f6dVDbw7YlRf/nDrn7pQrCCyQ/w==}

  fast-deep-equal@3.1.3:
    resolution: {integrity: sha512-f3qQ9oQy9j2AhBe/H9VC91wLmKBCCU/gDOnKNAYG5hswO7BLKj09Hc5HYNz9cGI++xlpDCIgDaitVs03ATR84Q==}

  fast-uri@3.1.0:
    resolution: {integrity: sha512-iPeeDKJSWf4IEOasVVrknXpaBV0IApz/gp7S2bb7Z4Lljbl2MGJRqInZiUrQwV16cpzw/D3S5j5Julj/gT52AA==}

  fastify-plugin@4.5.1:
    resolution: {integrity: sha512-stRHYGeuqpEZTL1Ef0Ovr2ltazUT9g844X5z/zEBFLG8RYlpDiOCIG+ATvYEp+/zmc7sN29mcIMp8gvYplYPIQ==}

  fastify-plugin@5.0.1:
    resolution: {integrity: sha512-HCxs+YnRaWzCl+cWRYFnHmeRFyR5GVnJTAaCJQiYzQSDwK9MgJdyAsuL3nh0EWRCYMgQ5MeziymvmAhUHYHDUQ==}

  github-slugger@2.0.0:
    resolution: {integrity: sha512-IaOQ9puYtjrkq7Y0Ygl9KDZnrf/aiUJYUpVf89y8kyaxbRG7Y1SrX/jaumrv81vc61+kiMempujsM3Yw7w5qcw==}

  json-schema-resolver@3.0.0:
    resolution: {integrity: sha512-HqMnbz0tz2DaEJ3ntsqtx3ezzZyDE7G56A/pPY/NGmrPu76UzsWquOpHFRAf5beTNXoH2LU5cQePVvRli1nchA==}
    engines: {node: '>=20'}

  json-schema-traverse@1.0.0:
    resolution: {integrity: sha512-NM8/P9n3XjXhIZn1lLhkFaACTOURQXjWhV4BA/RnOv8xvgqtqpAX9IO4mRQxSx1Rlo4tqzeqb0sOlruaOy3dug==}

  jsonpointer@5.0.1:
    resolution: {integrity: sha512-p/nXbhSEcu3pZRdkW1OfJhpsVtW1gd4Wa1fnQc9YLiTfAjn0312eMKimbdIQzuZl9aa9xUGaRlP9T/CJE/ditQ==}
    engines: {node: '>=0.10.0'}

  leven@4.1.0:
    resolution: {integrity: sha512-KZ9W9nWDT7rF7Dazg8xyLHGLrmpgq2nVNFUckhqdW3szVP6YhCpp/RAnpmVExA9JvrMynjwSLVrEj3AepHR6ew==}
    engines: {node: ^12.20.0 || ^14.13.1 || >=16.0.0}

  magic-string@0.30.19:
    resolution: {integrity: sha512-2N21sPY9Ws53PZvsEpVtNuSW+ScYbQdp4b9qUaL+9QkHUrGFKo56Lg9Emg5s9V/qrtNBmiR01sYhUOwu3H+VOw==}

  ms@2.1.3:
    resolution: {integrity: sha512-6FlzubTLZG3J2a/NVCAleEhjzq5oxgHyaCU9yYXvcLsvoVaHJq/s5xXI6/XXP6tz7R9xAOtHnSO/tXtF3WRTlA==}

  nanoid@3.3.11:
    resolution: {integrity: sha512-N8SpfPUnUp1bK+PMYW8qSWdl9U+wwNWI4QKxOYDy9JAro3WMX7p2OeVRF9v+347pnakNevPmiHhNmZ2HbFA76w==}
    engines: {node: ^10 || ^12 || ^13.7 || ^14 || >=15.0.1}
    hasBin: true

  nanoid@5.1.5:
    resolution: {integrity: sha512-Ir/+ZpE9fDsNH0hQ3C68uyThDXzYcim2EqcZ8zn8Chtt1iylPT9xXJB0kPCnqzgcEGikO9RxSrh63MsmVCU7Fw==}
    engines: {node: ^18 || >=20}
    hasBin: true

  openapi-types@12.1.3:
    resolution: {integrity: sha512-N4YtSYJqghVu4iek2ZUvcN/0aqH1kRDuNqzcycDxhOUpg7GdvLa2F3DgS6yBNhInhv2r/6I0Flkn7CqL8+nIcw==}

  picocolors@1.1.1:
    resolution: {integrity: sha512-xceH2snhtb5M9liqDsmEw56le376mTZkEX/jEb/RxNFyegNul7eNslCXP9FDj/Lcu0X8KEyMceP2ntpaHrDEVA==}

  postcss@8.5.6:
    resolution: {integrity: sha512-3Ybi1tAuwAP9s0r1UQ2J4n5Y0G05bJkpUIO0/bI9MhwmD70S5aTWbXGBwxHrelT+XM1k6dM0pk+SwNkpTRN7Pg==}
    engines: {node: ^10 || ^12 || >=14}

  require-from-string@2.0.2:
    resolution: {integrity: sha512-Xf0nWe6RseziFMu+Ap9biiUbmplq6S9/p+7w7YXP/JBHhrUDDUhwa+vANyubuqfZWTveU//DYVGsDG7RKL/vEw==}
    engines: {node: '>=0.10.0'}

  rfdc@1.4.1:
    resolution: {integrity: sha512-q1b3N5QkRUWUl7iyylaaj3kOpIT0N2i9MqIEQXP73GVsN9cw3fdx8X63cEmWhJGi2PPCF23Ijp7ktmd39rawIA==}

  source-map-js@1.2.1:
    resolution: {integrity: sha512-UXWMKhLOwVKb728IUtQPXxfYU+usdybtUrK/8uGE8CQMvrhOpwvzDBwj0QhSL7MQc7vIsISBG8VQ8+IDQxpfQA==}
    engines: {node: '>=0.10.0'}

  vue@3.5.21:
    resolution: {integrity: sha512-xxf9rum9KtOdwdRkiApWL+9hZEMWE90FHh8yS1+KJAiWYh+iGWV1FquPjoO9VUHQ+VIhsCXNNyZ5Sf4++RVZBA==}
    peerDependencies:
      typescript: '*'
    peerDependenciesMeta:
      typescript:
        optional: true

  yaml@2.8.0:
    resolution: {integrity: sha512-4lLa/EcQCB0cJkyts+FpIRx5G/llPxfP6VQU5KByHEhLxY3IJCH0f0Hy1MHI8sClTvsIb8qwRJ6R/ZdlDJ/leQ==}
    engines: {node: '>= 14.6'}
    hasBin: true

  yaml@2.8.1:
    resolution: {integrity: sha512-lcYcMxX2PO9XMGvAJkJ3OsNMw+/7FKes7/hgerGUYWIoWu5j/+YQqcZr5JnPZWzOsEBgMbSbiSTn/dv/69Mkpw==}
    engines: {node: '>= 14.6'}
    hasBin: true

  zod@3.24.1:
    resolution: {integrity: sha512-muH7gBL9sI1nciMZV67X5fTKKBLtwpZ5VBp1vsOQzj1MhrBZ4wlVCm3gedKZWLp0Oyel8sIGfeiz54Su+OVT+A==}

snapshots:

  '@babel/helper-string-parser@7.27.1': {}

  '@babel/helper-validator-identifier@7.27.1': {}

  '@babel/parser@7.28.4':
    dependencies:
      '@babel/types': 7.28.4

  '@babel/types@7.28.4':
    dependencies:
      '@babel/helper-string-parser': 7.27.1
      '@babel/helper-validator-identifier': 7.27.1

  '@biomejs/biome@2.2.4':
    optionalDependencies:
      '@biomejs/cli-darwin-arm64': 2.2.4
      '@biomejs/cli-darwin-x64': 2.2.4
      '@biomejs/cli-linux-arm64': 2.2.4
      '@biomejs/cli-linux-arm64-musl': 2.2.4
      '@biomejs/cli-linux-x64': 2.2.4
      '@biomejs/cli-linux-x64-musl': 2.2.4
      '@biomejs/cli-win32-arm64': 2.2.4
      '@biomejs/cli-win32-x64': 2.2.4

  '@biomejs/cli-darwin-arm64@2.2.4':
    optional: true

  '@biomejs/cli-darwin-x64@2.2.4':
    optional: true

  '@biomejs/cli-linux-arm64-musl@2.2.4':
    optional: true

  '@biomejs/cli-linux-arm64@2.2.4':
    optional: true

  '@biomejs/cli-linux-x64-musl@2.2.4':
    optional: true

  '@biomejs/cli-linux-x64@2.2.4':
    optional: true

  '@biomejs/cli-win32-arm64@2.2.4':
    optional: true

  '@biomejs/cli-win32-x64@2.2.4':
    optional: true

  '@fastify/swagger@9.5.1':
    dependencies:
      fastify-plugin: 5.0.1
      json-schema-resolver: 3.0.0
      openapi-types: 12.1.3
      rfdc: 1.4.1
      yaml: 2.8.1
    transitivePeerDependencies:
      - supports-color

  '@jridgewell/sourcemap-codec@1.5.5': {}

  '@scalar/core@0.3.17':
    dependencies:
      '@scalar/types': 0.2.16

  '@scalar/fastify-api-reference@1.35.7':
    dependencies:
      '@scalar/core': 0.3.17
      '@scalar/openapi-parser': 0.21.0
      '@scalar/openapi-types': 0.3.7
      fastify-plugin: 4.5.1
      github-slugger: 2.0.0
    transitivePeerDependencies:
      - typescript

  '@scalar/helpers@0.0.11': {}

  '@scalar/json-magic@0.5.0':
    dependencies:
      '@scalar/helpers': 0.0.11
      vue: 3.5.21
      yaml: 2.8.0
    transitivePeerDependencies:
      - typescript

  '@scalar/openapi-parser@0.21.0':
    dependencies:
      '@scalar/json-magic': 0.5.0
      '@scalar/openapi-types': 0.3.7
      '@scalar/openapi-upgrader': 0.1.0
      ajv: 8.17.1
      ajv-draft-04: 1.0.0(ajv@8.17.1)
      ajv-formats: 3.0.1(ajv@8.17.1)
      jsonpointer: 5.0.1
      leven: 4.1.0
      yaml: 2.8.0
    transitivePeerDependencies:
      - typescript

  '@scalar/openapi-types@0.3.7':
    dependencies:
      zod: 3.24.1

  '@scalar/openapi-upgrader@0.1.0':
    dependencies:
      '@scalar/openapi-types': 0.3.7

  '@scalar/types@0.2.16':
    dependencies:
      '@scalar/openapi-types': 0.3.7
      nanoid: 5.1.5
      zod: 3.24.1

  '@vue/compiler-core@3.5.21':
    dependencies:
      '@babel/parser': 7.28.4
      '@vue/shared': 3.5.21
      entities: 4.5.0
      estree-walker: 2.0.2
      source-map-js: 1.2.1

  '@vue/compiler-dom@3.5.21':
    dependencies:
      '@vue/compiler-core': 3.5.21
      '@vue/shared': 3.5.21

  '@vue/compiler-sfc@3.5.21':
    dependencies:
      '@babel/parser': 7.28.4
      '@vue/compiler-core': 3.5.21
      '@vue/compiler-dom': 3.5.21
      '@vue/compiler-ssr': 3.5.21
      '@vue/shared': 3.5.21
      estree-walker: 2.0.2
      magic-string: 0.30.19
      postcss: 8.5.6
      source-map-js: 1.2.1

  '@vue/compiler-ssr@3.5.21':
    dependencies:
      '@vue/compiler-dom': 3.5.21
      '@vue/shared': 3.5.21

  '@vue/reactivity@3.5.21':
    dependencies:
      '@vue/shared': 3.5.21

  '@vue/runtime-core@3.5.21':
    dependencies:
      '@vue/reactivity': 3.5.21
      '@vue/shared': 3.5.21

  '@vue/runtime-dom@3.5.21':
    dependencies:
      '@vue/reactivity': 3.5.21
      '@vue/runtime-core': 3.5.21
      '@vue/shared': 3.5.21
      csstype: 3.1.3

  '@vue/server-renderer@3.5.21(vue@3.5.21)':
    dependencies:
      '@vue/compiler-ssr': 3.5.21
      '@vue/shared': 3.5.21
      vue: 3.5.21

  '@vue/shared@3.5.21': {}

  ajv-draft-04@1.0.0(ajv@8.17.1):
    optionalDependencies:
      ajv: 8.17.1

  ajv-formats@3.0.1(ajv@8.17.1):
    optionalDependencies:
      ajv: 8.17.1

  ajv@8.17.1:
    dependencies:
      fast-deep-equal: 3.1.3
      fast-uri: 3.1.0
      json-schema-traverse: 1.0.0
      require-from-string: 2.0.2

  csstype@3.1.3: {}

  debug@4.4.3:
    dependencies:
      ms: 2.1.3

  entities@4.5.0: {}

  estree-walker@2.0.2: {}

  fast-deep-equal@3.1.3: {}

  fast-uri@3.1.0: {}

  fastify-plugin@4.5.1: {}

  fastify-plugin@5.0.1: {}

  github-slugger@2.0.0: {}

  json-schema-resolver@3.0.0:
    dependencies:
      debug: 4.4.3
      fast-uri: 3.1.0
      rfdc: 1.4.1
    transitivePeerDependencies:
      - supports-color

  json-schema-traverse@1.0.0: {}

  jsonpointer@5.0.1: {}

  leven@4.1.0: {}

  magic-string@0.30.19:
    dependencies:
      '@jridgewell/sourcemap-codec': 1.5.5

  ms@2.1.3: {}

  nanoid@3.3.11: {}

  nanoid@5.1.5: {}

  openapi-types@12.1.3: {}

  picocolors@1.1.1: {}

  postcss@8.5.6:
    dependencies:
      nanoid: 3.3.11
      picocolors: 1.1.1
      source-map-js: 1.2.1

  require-from-string@2.0.2: {}

  rfdc@1.4.1: {}

  source-map-js@1.2.1: {}

  vue@3.5.21:
    dependencies:
      '@vue/compiler-dom': 3.5.21
      '@vue/compiler-sfc': 3.5.21
      '@vue/runtime-dom': 3.5.21
      '@vue/server-renderer': 3.5.21(vue@3.5.21)
      '@vue/shared': 3.5.21

  yaml@2.8.0: {}

  yaml@2.8.1: {}

  zod@3.24.1: {}
